
Microsoft Visual Studio Solution File, Format Version 12.00
# Visual Studio 15
VisualStudioVersion = 15.0.28307.271
MinimumVisualStudioVersion = 10.0.40219.1
Project("{FAE04EC0-301F-11D3-BF4B-00C04F79EFBC}") = "InterLabEvoLogHelper", "InterLabEvoLogHelper\InterLabEvoLogHelper.csproj", "{4958456D-09BA-458C-8B8C-A5071682E7F6}"
EndProject
Global
	GlobalSection(SolutionConfigurationPlatforms) = preSolution
		Debug|Any CPU = Debug|Any CPU
		Release|Any CPU = Release|Any CPU
	EndGlobalSection
	GlobalSection(ProjectConfigurationPlatforms) = postSolution
		{4958456D-09BA-458C-8B8C-A5071682E7F6}.Debug|Any CPU.ActiveCfg = Debug|Any CPU
		{4958456D-09BA-458C-8B8C-A5071682E7F6}.Debug|Any CPU.Build.0 = Debug|Any CPU
		{4958456D-09BA-458C-8B8C-A5071682E7F6}.Release|Any CPU.ActiveCfg = Release|Any CPU
		{4958456D-09BA-458C-8B8C-A5071682E7F6}.Release|Any CPU.Build.0 = Release|Any CPU
	EndGlobalSection
	GlobalSection(SolutionProperties) = preSolution
		HideSolutionNode = FALSE
	EndGlobalSection
	GlobalSection(ExtensibilityGlobals) = postSolution
		SolutionGuid = {84D6B97B-A68E-47FB-96A6-EB19FCB89E7F}
	EndGlobalSection
EndGlobal
